
Microsoft Visual Studio Solution File, Format Version 12.00
# Visual Studio Version 16
VisualStudioVersion = 16.0.30011.22
MinimumVisualStudioVersion = 10.0.40219.1
Project("{FAE04EC0-301F-11D3-BF4B-00C04F79EFBC}") = "Core", "Core\Core.csproj", "{12E95956-58DB-4BF8-B27D-CA14A83109E6}"
EndProject
Project("{FAE04EC0-301F-11D3-BF4B-00C04F79EFBC}") = "Infrastructure", "Infrastructure\Infrastructure.csproj", "{0CD3661F-FD4E-47E3-9582-F7C989847B74}"
EndProject
Project("{FAE04EC0-301F-11D3-BF4B-00C04F79EFBC}") = "API", "API\API.csproj", "{F7F17DCF-FB28-4C82-89D7-F0BC6E2F3FD2}"
EndProject
Global
	GlobalSection(SolutionConfigurationPlatforms) = preSolution
		Debug|Any CPU = Debug|Any CPU
		Release|Any CPU = Release|Any CPU
	EndGlobalSection
	GlobalSection(ProjectConfigurationPlatforms) = postSolution
		{12E95956-58DB-4BF8-B27D-CA14A83109E6}.Debug|Any CPU.ActiveCfg = Debug|Any CPU
		{12E95956-58DB-4BF8-B27D-CA14A83109E6}.Debug|Any CPU.Build.0 = Debug|Any CPU
		{12E95956-58DB-4BF8-B27D-CA14A83109E6}.Release|Any CPU.ActiveCfg = Release|Any CPU
		{12E95956-58DB-4BF8-B27D-CA14A83109E6}.Release|Any CPU.Build.0 = Release|Any CPU
		{0CD3661F-FD4E-47E3-9582-F7C989847B74}.Debug|Any CPU.ActiveCfg = Debug|Any CPU
		{0CD3661F-FD4E-47E3-9582-F7C989847B74}.Debug|Any CPU.Build.0 = Debug|Any CPU
		{0CD3661F-FD4E-47E3-9582-F7C989847B74}.Release|Any CPU.ActiveCfg = Release|Any CPU
		{0CD3661F-FD4E-47E3-9582-F7C989847B74}.Release|Any CPU.Build.0 = Release|Any CPU
		{F7F17DCF-FB28-4C82-89D7-F0BC6E2F3FD2}.Debug|Any CPU.ActiveCfg = Debug|Any CPU
		{F7F17DCF-FB28-4C82-89D7-F0BC6E2F3FD2}.Debug|Any CPU.Build.0 = Debug|Any CPU
		{F7F17DCF-FB28-4C82-89D7-F0BC6E2F3FD2}.Release|Any CPU.ActiveCfg = Release|Any CPU
		{F7F17DCF-FB28-4C82-89D7-F0BC6E2F3FD2}.Release|Any CPU.Build.0 = Release|Any CPU
	EndGlobalSection
	GlobalSection(SolutionProperties) = preSolution
		HideSolutionNode = FALSE
	EndGlobalSection
	GlobalSection(ExtensibilityGlobals) = postSolution
		SolutionGuid = {C1BB52F6-BC41-4FD5-A27F-726B353662C5}
	EndGlobalSection
EndGlobal
